
Microsoft Visual Studio Solution File, Format Version 12.00
# Visual Studio Version 17
VisualStudioVersion = 17.13.35828.75 d17.13
MinimumVisualStudioVersion = 10.0.40219.1
Project("{FAE04EC0-301F-11D3-BF4B-00C04F79EFBC}") = "Test_01", "Test_01.csproj", "{D5666B12-0024-4F05-BEA7-789CC0D8C212}"
EndProject
Global
	GlobalSection(SolutionConfigurationPlatforms) = preSolution
		Debug|Any CPU = Debug|Any CPU
		Release|Any CPU = Release|Any CPU
	EndGlobalSection
	GlobalSection(ProjectConfigurationPlatforms) = postSolution
		{D5666B12-0024-4F05-BEA7-789CC0D8C212}.Debug|Any CPU.ActiveCfg = Debug|Any CPU
		{D5666B12-0024-4F05-BEA7-789CC0D8C212}.Debug|Any CPU.Build.0 = Debug|Any CPU
		{D5666B12-0024-4F05-BEA7-789CC0D8C212}.Release|Any CPU.ActiveCfg = Release|Any CPU
		{D5666B12-0024-4F05-BEA7-789CC0D8C212}.Release|Any CPU.Build.0 = Release|Any CPU
	EndGlobalSection
	GlobalSection(SolutionProperties) = preSolution
		HideSolutionNode = FALSE
	EndGlobalSection
	GlobalSection(ExtensibilityGlobals) = postSolution
		SolutionGuid = {478F5B22-C097-4313-A919-800F8815B717}
	EndGlobalSection
EndGlobal
